
Microsoft Visual Studio Solution File, Format Version 12.00
# Visual Studio Version 17
VisualStudioVersion = 17.6.33723.286
MinimumVisualStudioVersion = 10.0.40219.1
Project("{FAE04EC0-301F-11D3-BF4B-00C04F79EFBC}") = "MVCPlat", "MVCPlat\MVCPlat.csproj", "{02D4EDC6-1EDC-41B7-AAE2-18B1C39CD476}"
EndProject
Global
	GlobalSection(SolutionConfigurationPlatforms) = preSolution
		Debug|Any CPU = Debug|Any CPU
		Release|Any CPU = Release|Any CPU
	EndGlobalSection
	GlobalSection(ProjectConfigurationPlatforms) = postSolution
		{02D4EDC6-1EDC-41B7-AAE2-18B1C39CD476}.Debug|Any CPU.ActiveCfg = Debug|Any CPU
		{02D4EDC6-1EDC-41B7-AAE2-18B1C39CD476}.Debug|Any CPU.Build.0 = Debug|Any CPU
		{02D4EDC6-1EDC-41B7-AAE2-18B1C39CD476}.Release|Any CPU.ActiveCfg = Release|Any CPU
		{02D4EDC6-1EDC-41B7-AAE2-18B1C39CD476}.Release|Any CPU.Build.0 = Release|Any CPU
	EndGlobalSection
	GlobalSection(SolutionProperties) = preSolution
		HideSolutionNode = FALSE
	EndGlobalSection
	GlobalSection(ExtensibilityGlobals) = postSolution
		SolutionGuid = {22DD4EA7-9003-482B-8D28-AE79CB682BE9}
	EndGlobalSection
EndGlobal
